
Microsoft Visual Studio Solution File, Format Version 12.00
# Visual Studio 15
VisualStudioVersion = 15.0.27703.2026
MinimumVisualStudioVersion = 10.0.40219.1
Project("{FAE04EC0-301F-11D3-BF4B-00C04F79EFBC}") = "WebApp", "WebApp\WebApp.csproj", "{9893AB55-E76D-48B1-BA20-BE61D23EFAC6}"
EndProject
Project("{FAE04EC0-301F-11D3-BF4B-00C04F79EFBC}") = "Chinook.Data", "Chinook.Data\Chinook.Data.csproj", "{D72AEE3F-9F22-4ED9-A208-3B2F0901A74D}"
EndProject
Project("{FAE04EC0-301F-11D3-BF4B-00C04F79EFBC}") = "ChinookSystem", "ChinookSystem\ChinookSystem.csproj", "{802F0947-6B05-4C74-868D-97B245DF3E76}"
EndProject
Global
	GlobalSection(SolutionConfigurationPlatforms) = preSolution
		Debug|Any CPU = Debug|Any CPU
		Release|Any CPU = Release|Any CPU
	EndGlobalSection
	GlobalSection(ProjectConfigurationPlatforms) = postSolution
		{9893AB55-E76D-48B1-BA20-BE61D23EFAC6}.Debug|Any CPU.ActiveCfg = Debug|Any CPU
		{9893AB55-E76D-48B1-BA20-BE61D23EFAC6}.Debug|Any CPU.Build.0 = Debug|Any CPU
		{9893AB55-E76D-48B1-BA20-BE61D23EFAC6}.Release|Any CPU.ActiveCfg = Release|Any CPU
		{9893AB55-E76D-48B1-BA20-BE61D23EFAC6}.Release|Any CPU.Build.0 = Release|Any CPU
		{D72AEE3F-9F22-4ED9-A208-3B2F0901A74D}.Debug|Any CPU.ActiveCfg = Debug|Any CPU
		{D72AEE3F-9F22-4ED9-A208-3B2F0901A74D}.Debug|Any CPU.Build.0 = Debug|Any CPU
		{D72AEE3F-9F22-4ED9-A208-3B2F0901A74D}.Release|Any CPU.ActiveCfg = Release|Any CPU
		{D72AEE3F-9F22-4ED9-A208-3B2F0901A74D}.Release|Any CPU.Build.0 = Release|Any CPU
		{802F0947-6B05-4C74-868D-97B245DF3E76}.Debug|Any CPU.ActiveCfg = Debug|Any CPU
		{802F0947-6B05-4C74-868D-97B245DF3E76}.Debug|Any CPU.Build.0 = Debug|Any CPU
		{802F0947-6B05-4C74-868D-97B245DF3E76}.Release|Any CPU.ActiveCfg = Release|Any CPU
		{802F0947-6B05-4C74-868D-97B245DF3E76}.Release|Any CPU.Build.0 = Release|Any CPU
	EndGlobalSection
	GlobalSection(SolutionProperties) = preSolution
		HideSolutionNode = FALSE
	EndGlobalSection
	GlobalSection(ExtensibilityGlobals) = postSolution
		SolutionGuid = {53839D17-EF6C-4CBD-89BF-345C89315968}
	EndGlobalSection
EndGlobal
